{
  "object": {
    "pins": [
      {
        "package": "GSPlayer",
        "repositoryURL": "https://github.com/wxxsw/GSPlayer.git",
        "state": {
          "branch": null,
          "revision": "1cb5fbb04d6bdfdfcc5948a41547fa3f3c584ea3",
          "version": "0.2.10"
        }
      },
      {
        "package": "Refresh",
        "repositoryURL": "https://github.com/wxxsw/Refresh",
        "state": {
          "branch": "master",
          "revision": "71971c3598d3df9be9e243dcdfe93e44c17103b7",
          "version": null
        }
      },
      {
        "package": "VideoPlayer",
        "repositoryURL": "https://github.com/wxxsw/VideoPlayer",
        "state": {
          "branch": "master",
          "revision": "e0b6e48f3e0d0648e60a5a524a4c60126ba4fea9",
          "version": null
        }
      }
    ]
  },
  "version": 1
}
