{
  "object": {
    "pins": [
      {
        "package": "Extension",
        "repositoryURL": "https://github.com/wxxsw/Extension",
        "state": {
          "branch": "master",
          "revision": "67ea016a0c9c254149e849f961336b5374595ef0",
          "version": null
        }
      },
      {
        "package": "VideoPlayer",
        "repositoryURL": "https://github.com/wxxsw/VideoPlayer",
        "state": {
          "branch": "master",
          "revision": "8c56db84ec9a1bd7d9e189d8e9f8628b6e02e937",
          "version": null
        }
      }
    ]
  },
  "version": 1
}
