{
  "object": {
    "pins": [
      {
        "package": "GSPlayer",
        "repositoryURL": "https://github.com/wxxsw/GSPlayer.git",
        "state": {
          "branch": null,
          "revision": "95c5498ac7be1101cbe5520a2bf5536352a3b1a0",
          "version": "0.2.18"
        }
      },
      {
        "package": "Refresh",
        "repositoryURL": "https://github.com/wxxsw/Refresh",
        "state": {
          "branch": "master",
          "revision": "05a4667b8250c7cce0156882bf6385a5108ae6f0",
          "version": null
        }
      },
      {
        "package": "VideoPlayer",
        "repositoryURL": "https://github.com/wxxsw/VideoPlayer",
        "state": {
          "branch": "master",
          "revision": "73a30d2cc0b58e9a8e063b0333022dc636b45946",
          "version": null
        }
      }
    ]
  },
  "version": 1
}
