{
  "object": {
    "pins": [
      {
        "package": "GSPlayer",
        "repositoryURL": "https://github.com/wxxsw/GSPlayer.git",
        "state": {
          "branch": null,
          "revision": "5c368edb73e3e262b79da6cace1d6ce7b1efca54",
          "version": "0.2.24"
        }
      },
      {
        "package": "Refresh",
        "repositoryURL": "https://github.com/wxxsw/Refresh",
        "state": {
          "branch": "master",
          "revision": "05a4667b8250c7cce0156882bf6385a5108ae6f0",
          "version": null
        }
      },
      {
        "package": "VideoPlayer",
        "repositoryURL": "https://github.com/wxxsw/VideoPlayer",
        "state": {
          "branch": "master",
          "revision": "67d49ec24ef7fe2f20c5861367bd7ba7e365c7bd",
          "version": null
        }
      }
    ]
  },
  "version": 1
}
